
Microsoft Visual Studio Solution File, Format Version 12.00
# Visual Studio Version 17
VisualStudioVersion = 17.8.34330.188
MinimumVisualStudioVersion = 10.0.40219.1
Project("{FAE04EC0-301F-11D3-BF4B-00C04F79EFBC}") = "projname.Server", "Server\projname.Server.csproj", "{1911B6C9-10B8-468F-8407-48756265A6A4}"
EndProject
Project("{FAE04EC0-301F-11D3-BF4B-00C04F79EFBC}") = "projname.Client", "Client\projname.Client.csproj", "{74E0D2CD-BC54-4866-8EDD-4D191865C16B}"
EndProject
Project("{FAE04EC0-301F-11D3-BF4B-00C04F79EFBC}") = "projname.Shared", "Shared\projname.Shared.csproj", "{03CD8FFC-8CBC-4088-8C5F-57154012C7B8}"
EndProject
Global
	GlobalSection(SolutionConfigurationPlatforms) = preSolution
		Debug|Any CPU = Debug|Any CPU
		Release|Any CPU = Release|Any CPU
	EndGlobalSection
	GlobalSection(ProjectConfigurationPlatforms) = postSolution
		{1911B6C9-10B8-468F-8407-48756265A6A4}.Debug|Any CPU.ActiveCfg = Debug|Any CPU
		{1911B6C9-10B8-468F-8407-48756265A6A4}.Debug|Any CPU.Build.0 = Debug|Any CPU
		{1911B6C9-10B8-468F-8407-48756265A6A4}.Release|Any CPU.ActiveCfg = Release|Any CPU
		{1911B6C9-10B8-468F-8407-48756265A6A4}.Release|Any CPU.Build.0 = Release|Any CPU
		{74E0D2CD-BC54-4866-8EDD-4D191865C16B}.Debug|Any CPU.ActiveCfg = Debug|Any CPU
		{74E0D2CD-BC54-4866-8EDD-4D191865C16B}.Debug|Any CPU.Build.0 = Debug|Any CPU
		{74E0D2CD-BC54-4866-8EDD-4D191865C16B}.Release|Any CPU.ActiveCfg = Release|Any CPU
		{74E0D2CD-BC54-4866-8EDD-4D191865C16B}.Release|Any CPU.Build.0 = Release|Any CPU
		{03CD8FFC-8CBC-4088-8C5F-57154012C7B8}.Debug|Any CPU.ActiveCfg = Debug|Any CPU
		{03CD8FFC-8CBC-4088-8C5F-57154012C7B8}.Debug|Any CPU.Build.0 = Debug|Any CPU
		{03CD8FFC-8CBC-4088-8C5F-57154012C7B8}.Release|Any CPU.ActiveCfg = Release|Any CPU
		{03CD8FFC-8CBC-4088-8C5F-57154012C7B8}.Release|Any CPU.Build.0 = Release|Any CPU
	EndGlobalSection
	GlobalSection(SolutionProperties) = preSolution
		HideSolutionNode = FALSE
	EndGlobalSection
	GlobalSection(ExtensibilityGlobals) = postSolution
		SolutionGuid = {15D717CB-6180-4DC1-B2E5-CF070CFA997F}
	EndGlobalSection
EndGlobal
